
Microsoft Visual Studio Solution File, Format Version 12.00
# Visual Studio Version 16
VisualStudioVersion = 16.0.29521.150
MinimumVisualStudioVersion = 10.0.40219.1
Project("{FAE04EC0-301F-11D3-BF4B-00C04F79EFBC}") = "WordDocumentPrinterBySection", "WordDocumentPrinterBySection.csproj", "{00CB9ACC-66C2-4C24-90F8-D5AC7C62538F}"
EndProject
Global
	GlobalSection(SolutionConfigurationPlatforms) = preSolution
		Debug|Any CPU = Debug|Any CPU
		Release|Any CPU = Release|Any CPU
	EndGlobalSection
	GlobalSection(ProjectConfigurationPlatforms) = postSolution
		{00CB9ACC-66C2-4C24-90F8-D5AC7C62538F}.Debug|Any CPU.ActiveCfg = Debug|Any CPU
		{00CB9ACC-66C2-4C24-90F8-D5AC7C62538F}.Debug|Any CPU.Build.0 = Debug|Any CPU
		{00CB9ACC-66C2-4C24-90F8-D5AC7C62538F}.Release|Any CPU.ActiveCfg = Release|Any CPU
		{00CB9ACC-66C2-4C24-90F8-D5AC7C62538F}.Release|Any CPU.Build.0 = Release|Any CPU
	EndGlobalSection
	GlobalSection(SolutionProperties) = preSolution
		HideSolutionNode = FALSE
	EndGlobalSection
	GlobalSection(ExtensibilityGlobals) = postSolution
		SolutionGuid = {496AFE50-A87D-474A-B08B-9E472DE13C77}
	EndGlobalSection
EndGlobal
